// !$*UTF8*$!
{
	archiveVersion = 1;
	classes = {
	};
	objectVersion = 46;
	objects = {

/* Begin PBXBuildFile section */
		B300897B1D6295C000277A8A /* CorrectDing.wav in Resources */ = {isa = PBXBuildFile; fileRef = B300897A1D6295C000277A8A /* CorrectDing.wav */; };
		B3107C701D5AB88900DE2861 /* BoutTimeAssets in Resources */ = {isa = PBXBuildFile; fileRef = B3107C6F1D5AB88900DE2861 /* BoutTimeAssets */; };
		B3384C511D4EE38500C50828 /* AppDelegate.swift in Sources */ = {isa = PBXBuildFile; fileRef = B3384C501D4EE38500C50828 /* AppDelegate.swift */; };
		B3384C531D4EE38500C50828 /* ViewController.swift in Sources */ = {isa = PBXBuildFile; fileRef = B3384C521D4EE38500C50828 /* ViewController.swift */; };
		B3384C561D4EE38500C50828 /* Main.storyboard in Resources */ = {isa = PBXBuildFile; fileRef = B3384C541D4EE38500C50828 /* Main.storyboard */; };
		B3384C581D4EE38500C50828 /* Assets.xcassets in Resources */ = {isa = PBXBuildFile; fileRef = B3384C571D4EE38500C50828 /* Assets.xcassets */; };
		B3384C5B1D4EE38500C50828 /* LaunchScreen.storyboard in Resources */ = {isa = PBXBuildFile; fileRef = B3384C591D4EE38500C50828 /* LaunchScreen.storyboard */; };
		B3384C631D4EE40500C50828 /* Inventions.plist in Resources */ = {isa = PBXBuildFile; fileRef = B3384C621D4EE40500C50828 /* Inventions.plist */; };
		B3384C651D4EE44000C50828 /* InventionModel.swift in Sources */ = {isa = PBXBuildFile; fileRef = B3384C641D4EE44000C50828 /* InventionModel.swift */; };
		B38AE2A31D63FD9800A5F546 /* GameOverController.swift in Sources */ = {isa = PBXBuildFile; fileRef = B38AE2A21D63FD9800A5F546 /* GameOverController.swift */; };
		B3F3426B1D4EFDDE0038498F /* IncorrectBuzz.wav in Resources */ = {isa = PBXBuildFile; fileRef = B3F3426A1D4EFDDE0038498F /* IncorrectBuzz.wav */; };
/* End PBXBuildFile section */

/* Begin PBXFileReference section */
		B300897A1D6295C000277A8A /* CorrectDing.wav */ = {isa = PBXFileReference; lastKnownFileType = audio.wav; name = CorrectDing.wav; path = ../CorrectDing.wav; sourceTree = "<group>"; };
		B3107C6F1D5AB88900DE2861 /* BoutTimeAssets */ = {isa = PBXFileReference; lastKnownFileType = folder; path = BoutTimeAssets; sourceTree = "<group>"; };
		B3384C4D1D4EE38500C50828 /* BoutTime.app */ = {isa = PBXFileReference; explicitFileType = wrapper.application; includeInIndex = 0; path = BoutTime.app; sourceTree = BUILT_PRODUCTS_DIR; };
		B3384C501D4EE38500C50828 /* AppDelegate.swift */ = {isa = PBXFileReference; lastKnownFileType = sourcecode.swift; path = AppDelegate.swift; sourceTree = "<group>"; };
		B3384C521D4EE38500C50828 /* ViewController.swift */ = {isa = PBXFileReference; lastKnownFileType = sourcecode.swift; path = ViewController.swift; sourceTree = "<group>"; };
		B3384C551D4EE38500C50828 /* Base */ = {isa = PBXFileReference; lastKnownFileType = file.storyboard; name = Base; path = Base.lproj/Main.storyboard; sourceTree = "<group>"; };
		B3384C571D4EE38500C50828 /* Assets.xcassets */ = {isa = PBXFileReference; lastKnownFileType = folder.assetcatalog; path = Assets.xcassets; sourceTree = "<group>"; };
		B3384C5A1D4EE38500C50828 /* Base */ = {isa = PBXFileReference; lastKnownFileType = file.storyboard; name = Base; path = Base.lproj/LaunchScreen.storyboard; sourceTree = "<group>"; };
		B3384C5C1D4EE38500C50828 /* Info.plist */ = {isa = PBXFileReference; lastKnownFileType = text.plist.xml; path = Info.plist; sourceTree = "<group>"; };
		B3384C621D4EE40500C50828 /* Inventions.plist */ = {isa = PBXFileReference; fileEncoding = 4; lastKnownFileType = text.plist.xml; path = Inventions.plist; sourceTree = "<group>"; };
		B3384C641D4EE44000C50828 /* InventionModel.swift */ = {isa = PBXFileReference; fileEncoding = 4; lastKnownFileType = sourcecode.swift; path = InventionModel.swift; sourceTree = "<group>"; };
		B38AE2A21D63FD9800A5F546 /* GameOverController.swift */ = {isa = PBXFileReference; fileEncoding = 4; lastKnownFileType = sourcecode.swift; path = GameOverController.swift; sourceTree = "<group>"; };
		B3F3426A1D4EFDDE0038498F /* IncorrectBuzz.wav */ = {isa = PBXFileReference; lastKnownFileType = audio.wav; path = IncorrectBuzz.wav; sourceTree = SOURCE_ROOT; };
/* End PBXFileReference section */

/* Begin PBXFrameworksBuildPhase section */
		B3384C4A1D4EE38500C50828 /* Frameworks */ = {
			isa = PBXFrameworksBuildPhase;
			buildActionMask = 2147483647;
			files = (
			);
			runOnlyForDeploymentPostprocessing = 0;
		};
/* End PBXFrameworksBuildPhase section */

/* Begin PBXGroup section */
		B3384C441D4EE38500C50828 = {
			isa = PBXGroup;
			children = (
				B3384C4F1D4EE38500C50828 /* BoutTime */,
				B3384C4E1D4EE38500C50828 /* Products */,
			);
			sourceTree = "<group>";
		};
		B3384C4E1D4EE38500C50828 /* Products */ = {
			isa = PBXGroup;
			children = (
				B3384C4D1D4EE38500C50828 /* BoutTime.app */,
			);
			name = Products;
			sourceTree = "<group>";
		};
		B3384C4F1D4EE38500C50828 /* BoutTime */ = {
			isa = PBXGroup;
			children = (
				B3384C501D4EE38500C50828 /* AppDelegate.swift */,
				B3384C521D4EE38500C50828 /* ViewController.swift */,
				B3384C641D4EE44000C50828 /* InventionModel.swift */,
				B38AE2A21D63FD9800A5F546 /* GameOverController.swift */,
				B3384C541D4EE38500C50828 /* Main.storyboard */,
				B3107C6F1D5AB88900DE2861 /* BoutTimeAssets */,
				B3384C571D4EE38500C50828 /* Assets.xcassets */,
				B3384C591D4EE38500C50828 /* LaunchScreen.storyboard */,
				B300897A1D6295C000277A8A /* CorrectDing.wav */,
				B3F3426A1D4EFDDE0038498F /* IncorrectBuzz.wav */,
				B3384C5C1D4EE38500C50828 /* Info.plist */,
				B3384C621D4EE40500C50828 /* Inventions.plist */,
			);
			path = BoutTime;
			sourceTree = "<group>";
		};
/* End PBXGroup section */

/* Begin PBXNativeTarget section */
		B3384C4C1D4EE38500C50828 /* BoutTime */ = {
			isa = PBXNativeTarget;
			buildConfigurationList = B3384C5F1D4EE38500C50828 /* Build configuration list for PBXNativeTarget "BoutTime" */;
			buildPhases = (
				B3384C491D4EE38500C50828 /* Sources */,
				B3384C4A1D4EE38500C50828 /* Frameworks */,
				B3384C4B1D4EE38500C50828 /* Resources */,
			);
			buildRules = (
			);
			dependencies = (
			);
			name = BoutTime;
			productName = BoutTime;
			productReference = B3384C4D1D4EE38500C50828 /* BoutTime.app */;
			productType = "com.apple.product-type.application";
		};
/* End PBXNativeTarget section */

/* Begin PBXProject section */
		B3384C451D4EE38500C50828 /* Project object */ = {
			isa = PBXProject;
			attributes = {
				LastSwiftUpdateCheck = 0730;
				LastUpgradeCheck = 0730;
				ORGANIZATIONNAME = "Bill Merickel";
				TargetAttributes = {
					B3384C4C1D4EE38500C50828 = {
						CreatedOnToolsVersion = 7.3.1;
						DevelopmentTeam = 333JD3XATC;
					};
				};
			};
			buildConfigurationList = B3384C481D4EE38500C50828 /* Build configuration list for PBXProject "BoutTime" */;
			compatibilityVersion = "Xcode 3.2";
			developmentRegion = English;
			hasScannedForEncodings = 0;
			knownRegions = (
				en,
				Base,
			);
			mainGroup = B3384C441D4EE38500C50828;
			productRefGroup = B3384C4E1D4EE38500C50828 /* Products */;
			projectDirPath = "";
			projectRoot = "";
			targets = (
				B3384C4C1D4EE38500C50828 /* BoutTime */,
			);
		};
/* End PBXProject section */

/* Begin PBXResourcesBuildPhase section */
		B3384C4B1D4EE38500C50828 /* Resources */ = {
			isa = PBXResourcesBuildPhase;
			buildActionMask = 2147483647;
			files = (
				B3107C701D5AB88900DE2861 /* BoutTimeAssets in Resources */,
				B3384C5B1D4EE38500C50828 /* LaunchScreen.storyboard in Resources */,
				B3F3426B1D4EFDDE0038498F /* IncorrectBuzz.wav in Resources */,
				B3384C581D4EE38500C50828 /* Assets.xcassets in Resources */,
				B3384C561D4EE38500C50828 /* Main.storyboard in Resources */,
				B300897B1D6295C000277A8A /* CorrectDing.wav in Resources */,
				B3384C631D4EE40500C50828 /* Inventions.plist in Resources */,
			);
			runOnlyForDeploymentPostprocessing = 0;
		};
/* End PBXResourcesBuildPhase section */

/* Begin PBXSourcesBuildPhase section */
		B3384C491D4EE38500C50828 /* Sources */ = {
			isa = PBXSourcesBuildPhase;
			buildActionMask = 2147483647;
			files = (
				B3384C651D4EE44000C50828 /* InventionModel.swift in Sources */,
				B38AE2A31D63FD9800A5F546 /* GameOverController.swift in Sources */,
				B3384C531D4EE38500C50828 /* ViewController.swift in Sources */,
				B3384C511D4EE38500C50828 /* AppDelegate.swift in Sources */,
			);
			runOnlyForDeploymentPostprocessing = 0;
		};
/* End PBXSourcesBuildPhase section */

/* Begin PBXVariantGroup section */
		B3384C541D4EE38500C50828 /* Main.storyboard */ = {
			isa = PBXVariantGroup;
			children = (
				B3384C551D4EE38500C50828 /* Base */,
			);
			name = Main.storyboard;
			sourceTree = "<group>";
		};
		B3384C591D4EE38500C50828 /* LaunchScreen.storyboard */ = {
			isa = PBXVariantGroup;
			children = (
				B3384C5A1D4EE38500C50828 /* Base */,
			);
			name = LaunchScreen.storyboard;
			sourceTree = "<group>";
		};
/* End PBXVariantGroup section */

/* Begin XCBuildConfiguration section */
		B3384C5D1D4EE38500C50828 /* Debug */ = {
			isa = XCBuildConfiguration;
			buildSettings = {
				ALWAYS_SEARCH_USER_PATHS = NO;
				CLANG_ANALYZER_NONNULL = YES;
				CLANG_CXX_LANGUAGE_STANDARD = "gnu++0x";
				CLANG_CXX_LIBRARY = "libc++";
				CLANG_ENABLE_MODULES = YES;
				CLANG_ENABLE_OBJC_ARC = YES;
				CLANG_WARN_BOOL_CONVERSION = YES;
				CLANG_WARN_CONSTANT_CONVERSION = YES;
				CLANG_WARN_DIRECT_OBJC_ISA_USAGE = YES_ERROR;
				CLANG_WARN_EMPTY_BODY = YES;
				CLANG_WARN_ENUM_CONVERSION = YES;
				CLANG_WARN_INT_CONVERSION = YES;
				CLANG_WARN_OBJC_ROOT_CLASS = YES_ERROR;
				CLANG_WARN_UNREACHABLE_CODE = YES;
				CLANG_WARN__DUPLICATE_METHOD_MATCH = YES;
				"CODE_SIGN_IDENTITY[sdk=iphoneos*]" = "iPhone Developer";
				COPY_PHASE_STRIP = NO;
				DEBUG_INFORMATION_FORMAT = dwarf;
				ENABLE_STRICT_OBJC_MSGSEND = YES;
				ENABLE_TESTABILITY = YES;
				GCC_C_LANGUAGE_STANDARD = gnu99;
				GCC_DYNAMIC_NO_PIC = NO;
				GCC_NO_COMMON_BLOCKS = YES;
				GCC_OPTIMIZATION_LEVEL = 0;
				GCC_PREPROCESSOR_DEFINITIONS = (
					"DEBUG=1",
					"$(inherited)",
				);
				GCC_WARN_64_TO_32_BIT_CONVERSION = YES;
				GCC_WARN_ABOUT_RETURN_TYPE = YES_ERROR;
				GCC_WARN_UNDECLARED_SELECTOR = YES;
				GCC_WARN_UNINITIALIZED_AUTOS = YES_AGGRESSIVE;
				GCC_WARN_UNUSED_FUNCTION = YES;
				GCC_WARN_UNUSED_VARIABLE = YES;
				IPHONEOS_DEPLOYMENT_TARGET = 9.3;
				MTL_ENABLE_DEBUG_INFO = YES;
				ONLY_ACTIVE_ARCH = YES;
				SDKROOT = iphoneos;
				SWIFT_OPTIMIZATION_LEVEL = "-Onone";
			};
			name = Debug;
		};
		B3384C5E1D4EE38500C50828 /* Release */ = {
			isa = XCBuildConfiguration;
			buildSettings = {
				ALWAYS_SEARCH_USER_PATHS = NO;
				CLANG_ANALYZER_NONNULL = YES;
				CLANG_CXX_LANGUAGE_STANDARD = "gnu++0x";
				CLANG_CXX_LIBRARY = "libc++";
				CLANG_ENABLE_MODULES = YES;
				CLANG_ENABLE_OBJC_ARC = YES;
				CLANG_WARN_BOOL_CONVERSION = YES;
				CLANG_WARN_CONSTANT_CONVERSION = YES;
				CLANG_WARN_DIRECT_OBJC_ISA_USAGE = YES_ERROR;
				CLANG_WARN_EMPTY_BODY = YES;
				CLANG_WARN_ENUM_CONVERSION = YES;
				CLANG_WARN_INT_CONVERSION = YES;
				CLANG_WARN_OBJC_ROOT_CLASS = YES_ERROR;
				CLANG_WARN_UNREACHABLE_CODE = YES;
				CLANG_WARN__DUPLICATE_METHOD_MATCH = YES;
				"CODE_SIGN_IDENTITY[sdk=iphoneos*]" = "iPhone Developer";
				COPY_PHASE_STRIP = NO;
				DEBUG_INFORMATION_FORMAT = "dwarf-with-dsym";
				ENABLE_NS_ASSERTIONS = NO;
				ENABLE_STRICT_OBJC_MSGSEND = YES;
				GCC_C_LANGUAGE_STANDARD = gnu99;
				GCC_NO_COMMON_BLOCKS = YES;
				GCC_WARN_64_TO_32_BIT_CONVERSION = YES;
				GCC_WARN_ABOUT_RETURN_TYPE = YES_ERROR;
				GCC_WARN_UNDECLARED_SELECTOR = YES;
				GCC_WARN_UNINITIALIZED_AUTOS = YES_AGGRESSIVE;
				GCC_WARN_UNUSED_FUNCTION = YES;
				GCC_WARN_UNUSED_VARIABLE = YES;
				IPHONEOS_DEPLOYMENT_TARGET = 9.3;
				MTL_ENABLE_DEBUG_INFO = NO;
				SDKROOT = iphoneos;
				VALIDATE_PRODUCT = YES;
			};
			name = Release;
		};
		B3384C601D4EE38500C50828 /* Debug */ = {
			isa = XCBuildConfiguration;
			buildSettings = {
				ASSETCATALOG_COMPILER_APPICON_NAME = AppIcon;
				DEVELOPMENT_TEAM = 333JD3XATC;
				INFOPLIST_FILE = BoutTime/Info.plist;
				LD_RUNPATH_SEARCH_PATHS = "$(inherited) @executable_path/Frameworks";
				PRODUCT_BUNDLE_IDENTIFIER = NateGrant.BoutTime;
				PRODUCT_NAME = "$(TARGET_NAME)";
			};
			name = Debug;
		};
		B3384C611D4EE38500C50828 /* Release */ = {
			isa = XCBuildConfiguration;
			buildSettings = {
				ASSETCATALOG_COMPILER_APPICON_NAME = AppIcon;
				DEVELOPMENT_TEAM = 333JD3XATC;
				INFOPLIST_FILE = BoutTime/Info.plist;
				LD_RUNPATH_SEARCH_PATHS = "$(inherited) @executable_path/Frameworks";
				PRODUCT_BUNDLE_IDENTIFIER = NateGrant.BoutTime;
				PRODUCT_NAME = "$(TARGET_NAME)";
			};
			name = Release;
		};
/* End XCBuildConfiguration section */

/* Begin XCConfigurationList section */
		B3384C481D4EE38500C50828 /* Build configuration list for PBXProject "BoutTime" */ = {
			isa = XCConfigurationList;
			buildConfigurations = (
				B3384C5D1D4EE38500C50828 /* Debug */,
				B3384C5E1D4EE38500C50828 /* Release */,
			);
			defaultConfigurationIsVisible = 0;
			defaultConfigurationName = Release;
		};
		B3384C5F1D4EE38500C50828 /* Build configuration list for PBXNativeTarget "BoutTime" */ = {
			isa = XCConfigurationList;
			buildConfigurations = (
				B3384C601D4EE38500C50828 /* Debug */,
				B3384C611D4EE38500C50828 /* Release */,
			);
			defaultConfigurationIsVisible = 0;
			defaultConfigurationName = Release;
		};
/* End XCConfigurationList section */
	};
	rootObject = B3384C451D4EE38500C50828 /* Project object */;
}
